
Microsoft Visual Studio Solution File, Format Version 12.00
# Visual Studio Version 17
VisualStudioVersion = 17.0.31903.59
MinimumVisualStudioVersion = 10.0.40219.1
Project("{2150E333-8FDC-42A3-9474-1A3956D46DE8}") = "FrontEnd", "FrontEnd", "{F797D1E4-1723-4743-8198-814BDA07854D}"
EndProject
Project("{FAE04EC0-301F-11D3-BF4B-00C04F79EFBC}") = "FrontEnd.ProjectFinder", "FrontEnd\FrontEnd.ProjectFinder\FrontEnd.ProjectFinder.csproj", "{EAAA7EE3-4292-4364-826A-02DD6BE95906}"
EndProject
Project("{2150E333-8FDC-42A3-9474-1A3956D46DE8}") = "Service", "Service", "{C87797C4-3769-435F-9F51-7A7FCA248803}"
EndProject
Project("{FAE04EC0-301F-11D3-BF4B-00C04F79EFBC}") = "Service.GitHubFinderAPI", "Service\Service.GitHubFinderAPI\Service.GitHubFinderAPI.csproj", "{E8C501DC-94D7-4EC2-9C19-2E3CA2B5C319}"
EndProject
Project("{FAE04EC0-301F-11D3-BF4B-00C04F79EFBC}") = "ProjectFinder.Web", "FrontEnd\ProjectFinder.Web\ProjectFinder.Web.csproj", "{3F688A82-BA62-48B7-9216-361E6D2E9C63}"
EndProject
Global
	GlobalSection(SolutionConfigurationPlatforms) = preSolution
		Debug|Any CPU = Debug|Any CPU
		Release|Any CPU = Release|Any CPU
	EndGlobalSection
	GlobalSection(SolutionProperties) = preSolution
		HideSolutionNode = FALSE
	EndGlobalSection
	GlobalSection(ProjectConfigurationPlatforms) = postSolution
		{EAAA7EE3-4292-4364-826A-02DD6BE95906}.Debug|Any CPU.ActiveCfg = Debug|Any CPU
		{EAAA7EE3-4292-4364-826A-02DD6BE95906}.Debug|Any CPU.Build.0 = Debug|Any CPU
		{EAAA7EE3-4292-4364-826A-02DD6BE95906}.Release|Any CPU.ActiveCfg = Release|Any CPU
		{EAAA7EE3-4292-4364-826A-02DD6BE95906}.Release|Any CPU.Build.0 = Release|Any CPU
		{E8C501DC-94D7-4EC2-9C19-2E3CA2B5C319}.Debug|Any CPU.ActiveCfg = Debug|Any CPU
		{E8C501DC-94D7-4EC2-9C19-2E3CA2B5C319}.Debug|Any CPU.Build.0 = Debug|Any CPU
		{E8C501DC-94D7-4EC2-9C19-2E3CA2B5C319}.Release|Any CPU.ActiveCfg = Release|Any CPU
		{E8C501DC-94D7-4EC2-9C19-2E3CA2B5C319}.Release|Any CPU.Build.0 = Release|Any CPU
		{3F688A82-BA62-48B7-9216-361E6D2E9C63}.Debug|Any CPU.ActiveCfg = Debug|Any CPU
		{3F688A82-BA62-48B7-9216-361E6D2E9C63}.Debug|Any CPU.Build.0 = Debug|Any CPU
		{3F688A82-BA62-48B7-9216-361E6D2E9C63}.Release|Any CPU.ActiveCfg = Release|Any CPU
		{3F688A82-BA62-48B7-9216-361E6D2E9C63}.Release|Any CPU.Build.0 = Release|Any CPU
	EndGlobalSection
	GlobalSection(NestedProjects) = preSolution
		{EAAA7EE3-4292-4364-826A-02DD6BE95906} = {F797D1E4-1723-4743-8198-814BDA07854D}
		{E8C501DC-94D7-4EC2-9C19-2E3CA2B5C319} = {C87797C4-3769-435F-9F51-7A7FCA248803}
		{3F688A82-BA62-48B7-9216-361E6D2E9C63} = {F797D1E4-1723-4743-8198-814BDA07854D}
	EndGlobalSection
EndGlobal
